
Microsoft Visual Studio Solution File, Format Version 12.00
# Visual Studio Version 16
VisualStudioVersion = 16.0.30406.217
MinimumVisualStudioVersion = 10.0.40219.1
Project("{F184B08F-C81C-45F6-A57F-5ABD9991F28F}") = "SayMyNameAgain", "SayMyNameAgain.vbproj", "{245AEA63-15CA-430F-9147-2D7832A6398E}"
EndProject
Global
	GlobalSection(SolutionConfigurationPlatforms) = preSolution
		Debug|Any CPU = Debug|Any CPU
		Release|Any CPU = Release|Any CPU
	EndGlobalSection
	GlobalSection(ProjectConfigurationPlatforms) = postSolution
		{245AEA63-15CA-430F-9147-2D7832A6398E}.Debug|Any CPU.ActiveCfg = Debug|Any CPU
		{245AEA63-15CA-430F-9147-2D7832A6398E}.Debug|Any CPU.Build.0 = Debug|Any CPU
		{245AEA63-15CA-430F-9147-2D7832A6398E}.Release|Any CPU.ActiveCfg = Release|Any CPU
		{245AEA63-15CA-430F-9147-2D7832A6398E}.Release|Any CPU.Build.0 = Release|Any CPU
	EndGlobalSection
	GlobalSection(SolutionProperties) = preSolution
		HideSolutionNode = FALSE
	EndGlobalSection
	GlobalSection(ExtensibilityGlobals) = postSolution
		SolutionGuid = {0853152E-8A87-4CE0-A0B0-883A683469D5}
	EndGlobalSection
EndGlobal
